
Microsoft Visual Studio Solution File, Format Version 12.00
# Visual Studio Version 16
VisualStudioVersion = 16.0.29609.76
MinimumVisualStudioVersion = 10.0.40219.1
Project("{FAE04EC0-301F-11D3-BF4B-00C04F79EFBC}") = "EmployeeSort", "Lab1\EmployeeSort.csproj", "{55BCEE72-42C1-4A32-9984-FD5AD2E94E09}"
EndProject
Global
	GlobalSection(SolutionConfigurationPlatforms) = preSolution
		Debug|Any CPU = Debug|Any CPU
		Release|Any CPU = Release|Any CPU
	EndGlobalSection
	GlobalSection(ProjectConfigurationPlatforms) = postSolution
		{55BCEE72-42C1-4A32-9984-FD5AD2E94E09}.Debug|Any CPU.ActiveCfg = Debug|Any CPU
		{55BCEE72-42C1-4A32-9984-FD5AD2E94E09}.Debug|Any CPU.Build.0 = Debug|Any CPU
		{55BCEE72-42C1-4A32-9984-FD5AD2E94E09}.Release|Any CPU.ActiveCfg = Release|Any CPU
		{55BCEE72-42C1-4A32-9984-FD5AD2E94E09}.Release|Any CPU.Build.0 = Release|Any CPU
	EndGlobalSection
	GlobalSection(SolutionProperties) = preSolution
		HideSolutionNode = FALSE
	EndGlobalSection
	GlobalSection(ExtensibilityGlobals) = postSolution
		SolutionGuid = {17331E03-DA7F-47A0-BE2F-66E4E9D30710}
	EndGlobalSection
EndGlobal
